
Microsoft Visual Studio Solution File, Format Version 12.00
# Visual Studio 2017
Project("{FAE04EC0-301F-11D3-BF4B-00C04F79EFBC}") = "L-System", "L-System.csproj", "{707EFB15-9DEE-2973-67BB-411110B87369}"
EndProject
Project("{FAE04EC0-301F-11D3-BF4B-00C04F79EFBC}") = "L-System.Editor", "L-System.Editor.csproj", "{BDEE8BA1-0667-650C-505E-104B58890B68}"
EndProject
Global
	GlobalSection(SolutionConfigurationPlatforms) = preSolution
		Debug|Any CPU = Debug|Any CPU
		Release|Any CPU = Release|Any CPU
	EndGlobalSection
	GlobalSection(ProjectConfigurationPlatforms) = postSolution
		{707EFB15-9DEE-2973-67BB-411110B87369}.Debug|Any CPU.ActiveCfg = Debug|Any CPU
		{707EFB15-9DEE-2973-67BB-411110B87369}.Debug|Any CPU.Build.0 = Debug|Any CPU
		{707EFB15-9DEE-2973-67BB-411110B87369}.Release|Any CPU.ActiveCfg = Release|Any CPU
		{707EFB15-9DEE-2973-67BB-411110B87369}.Release|Any CPU.Build.0 = Release|Any CPU
		{BDEE8BA1-0667-650C-505E-104B58890B68}.Debug|Any CPU.ActiveCfg = Debug|Any CPU
		{BDEE8BA1-0667-650C-505E-104B58890B68}.Debug|Any CPU.Build.0 = Debug|Any CPU
		{BDEE8BA1-0667-650C-505E-104B58890B68}.Release|Any CPU.ActiveCfg = Release|Any CPU
		{BDEE8BA1-0667-650C-505E-104B58890B68}.Release|Any CPU.Build.0 = Release|Any CPU
	EndGlobalSection
	GlobalSection(SolutionProperties) = preSolution
		HideSolutionNode = FALSE
	EndGlobalSection
EndGlobal
